// !$*UTF8*$!
{
	archiveVersion = 1;
	classes = {
	};
	objectVersion = 50;
	objects = {

/* Begin PBXBuildFile section */
		7A9FBE7E233659F90013F993 /* FeedViewController.swift in Sources */ = {isa = PBXBuildFile; fileRef = 7A9FBE7D233659F90013F993 /* FeedViewController.swift */; };
		7ADBBCC1233625DE009B02AE /* AppDelegate.swift in Sources */ = {isa = PBXBuildFile; fileRef = 7ADBBCC0233625DE009B02AE /* AppDelegate.swift */; };
		7ADBBCC3233625DE009B02AE /* SceneDelegate.swift in Sources */ = {isa = PBXBuildFile; fileRef = 7ADBBCC2233625DE009B02AE /* SceneDelegate.swift */; };
		7ADBBCC5233625DE009B02AE /* FriendsViewController.swift in Sources */ = {isa = PBXBuildFile; fileRef = 7ADBBCC4233625DE009B02AE /* FriendsViewController.swift */; };
		7ADBBCC8233625DE009B02AE /* Main.storyboard in Resources */ = {isa = PBXBuildFile; fileRef = 7ADBBCC6233625DE009B02AE /* Main.storyboard */; };
		7ADBBCCA233625DE009B02AE /* Assets.xcassets in Resources */ = {isa = PBXBuildFile; fileRef = 7ADBBCC9233625DE009B02AE /* Assets.xcassets */; };
		7ADBBCCD233625DE009B02AE /* LaunchScreen.storyboard in Resources */ = {isa = PBXBuildFile; fileRef = 7ADBBCCB233625DE009B02AE /* LaunchScreen.storyboard */; };
		7ADBBCD8233628F6009B02AE /* PersonCell.swift in Sources */ = {isa = PBXBuildFile; fileRef = 7ADBBCD6233628F6009B02AE /* PersonCell.swift */; };
		7ADBBCD9233628F6009B02AE /* PersonCell.xib in Resources */ = {isa = PBXBuildFile; fileRef = 7ADBBCD7233628F6009B02AE /* PersonCell.xib */; };
		7AED0D8F23365BF500FCAD0C /* ColumnFlowLayout.swift in Sources */ = {isa = PBXBuildFile; fileRef = 7AED0D8E23365BF500FCAD0C /* ColumnFlowLayout.swift */; };
		7AED0D9123365C1000FCAD0C /* Person.swift in Sources */ = {isa = PBXBuildFile; fileRef = 7AED0D9023365C1000FCAD0C /* Person.swift */; };
		7AED0D9323366BBA00FCAD0C /* MosaicLayout.swift in Sources */ = {isa = PBXBuildFile; fileRef = 7AED0D9223366BBA00FCAD0C /* MosaicLayout.swift */; };
/* End PBXBuildFile section */

/* Begin PBXFileReference section */
		7A9FBE7D233659F90013F993 /* FeedViewController.swift */ = {isa = PBXFileReference; lastKnownFileType = sourcecode.swift; path = FeedViewController.swift; sourceTree = "<group>"; };
		7ADBBCBD233625DE009B02AE /* ATourOfCollectionView.app */ = {isa = PBXFileReference; explicitFileType = wrapper.application; includeInIndex = 0; path = ATourOfCollectionView.app; sourceTree = BUILT_PRODUCTS_DIR; };
		7ADBBCC0233625DE009B02AE /* AppDelegate.swift */ = {isa = PBXFileReference; lastKnownFileType = sourcecode.swift; path = AppDelegate.swift; sourceTree = "<group>"; };
		7ADBBCC2233625DE009B02AE /* SceneDelegate.swift */ = {isa = PBXFileReference; lastKnownFileType = sourcecode.swift; path = SceneDelegate.swift; sourceTree = "<group>"; };
		7ADBBCC4233625DE009B02AE /* FriendsViewController.swift */ = {isa = PBXFileReference; lastKnownFileType = sourcecode.swift; path = FriendsViewController.swift; sourceTree = "<group>"; };
		7ADBBCC7233625DE009B02AE /* Base */ = {isa = PBXFileReference; lastKnownFileType = file.storyboard; name = Base; path = Base.lproj/Main.storyboard; sourceTree = "<group>"; };
		7ADBBCC9233625DE009B02AE /* Assets.xcassets */ = {isa = PBXFileReference; lastKnownFileType = folder.assetcatalog; path = Assets.xcassets; sourceTree = "<group>"; };
		7ADBBCCC233625DE009B02AE /* Base */ = {isa = PBXFileReference; lastKnownFileType = file.storyboard; name = Base; path = Base.lproj/LaunchScreen.storyboard; sourceTree = "<group>"; };
		7ADBBCCE233625DE009B02AE /* Info.plist */ = {isa = PBXFileReference; lastKnownFileType = text.plist.xml; path = Info.plist; sourceTree = "<group>"; };
		7ADBBCD6233628F6009B02AE /* PersonCell.swift */ = {isa = PBXFileReference; lastKnownFileType = sourcecode.swift; path = PersonCell.swift; sourceTree = "<group>"; };
		7ADBBCD7233628F6009B02AE /* PersonCell.xib */ = {isa = PBXFileReference; lastKnownFileType = file.xib; path = PersonCell.xib; sourceTree = "<group>"; };
		7AED0D8E23365BF500FCAD0C /* ColumnFlowLayout.swift */ = {isa = PBXFileReference; lastKnownFileType = sourcecode.swift; path = ColumnFlowLayout.swift; sourceTree = "<group>"; };
		7AED0D9023365C1000FCAD0C /* Person.swift */ = {isa = PBXFileReference; lastKnownFileType = sourcecode.swift; path = Person.swift; sourceTree = "<group>"; };
		7AED0D9223366BBA00FCAD0C /* MosaicLayout.swift */ = {isa = PBXFileReference; lastKnownFileType = sourcecode.swift; path = MosaicLayout.swift; sourceTree = "<group>"; };
/* End PBXFileReference section */

/* Begin PBXFrameworksBuildPhase section */
		7ADBBCBA233625DE009B02AE /* Frameworks */ = {
			isa = PBXFrameworksBuildPhase;
			buildActionMask = 2147483647;
			files = (
			);
			runOnlyForDeploymentPostprocessing = 0;
		};
/* End PBXFrameworksBuildPhase section */

/* Begin PBXGroup section */
		7A9FBE7F23365A1D0013F993 /* Feed */ = {
			isa = PBXGroup;
			children = (
				7A9FBE7D233659F90013F993 /* FeedViewController.swift */,
				7AED0D9223366BBA00FCAD0C /* MosaicLayout.swift */,
			);
			path = Feed;
			sourceTree = "<group>";
		};
		7ADBBCB4233625DD009B02AE = {
			isa = PBXGroup;
			children = (
				7ADBBCBF233625DE009B02AE /* ATourOfCollectionView */,
				7ADBBCBE233625DE009B02AE /* Products */,
			);
			sourceTree = "<group>";
		};
		7ADBBCBE233625DE009B02AE /* Products */ = {
			isa = PBXGroup;
			children = (
				7ADBBCBD233625DE009B02AE /* ATourOfCollectionView.app */,
			);
			name = Products;
			sourceTree = "<group>";
		};
		7ADBBCBF233625DE009B02AE /* ATourOfCollectionView */ = {
			isa = PBXGroup;
			children = (
				7ADBBCC0233625DE009B02AE /* AppDelegate.swift */,
				7ADBBCC2233625DE009B02AE /* SceneDelegate.swift */,
				7ADBBCD4233627F6009B02AE /* Friends */,
				7A9FBE7F23365A1D0013F993 /* Feed */,
				7ADBBCC6233625DE009B02AE /* Main.storyboard */,
				7ADBBCC9233625DE009B02AE /* Assets.xcassets */,
				7ADBBCCB233625DE009B02AE /* LaunchScreen.storyboard */,
				7ADBBCCE233625DE009B02AE /* Info.plist */,
			);
			path = ATourOfCollectionView;
			sourceTree = "<group>";
		};
		7ADBBCD4233627F6009B02AE /* Friends */ = {
			isa = PBXGroup;
			children = (
				7ADBBCC4233625DE009B02AE /* FriendsViewController.swift */,
				7ADBBCD6233628F6009B02AE /* PersonCell.swift */,
				7ADBBCD7233628F6009B02AE /* PersonCell.xib */,
				7AED0D8E23365BF500FCAD0C /* ColumnFlowLayout.swift */,
				7AED0D9023365C1000FCAD0C /* Person.swift */,
			);
			path = Friends;
			sourceTree = "<group>";
		};
/* End PBXGroup section */

/* Begin PBXNativeTarget section */
		7ADBBCBC233625DE009B02AE /* ATourOfCollectionView */ = {
			isa = PBXNativeTarget;
			buildConfigurationList = 7ADBBCD1233625DE009B02AE /* Build configuration list for PBXNativeTarget "ATourOfCollectionView" */;
			buildPhases = (
				7ADBBCB9233625DE009B02AE /* Sources */,
				7ADBBCBA233625DE009B02AE /* Frameworks */,
				7ADBBCBB233625DE009B02AE /* Resources */,
			);
			buildRules = (
			);
			dependencies = (
			);
			name = ATourOfCollectionView;
			productName = ATourOfCollectionView;
			productReference = 7ADBBCBD233625DE009B02AE /* ATourOfCollectionView.app */;
			productType = "com.apple.product-type.application";
		};
/* End PBXNativeTarget section */

/* Begin PBXProject section */
		7ADBBCB5233625DD009B02AE /* Project object */ = {
			isa = PBXProject;
			attributes = {
				LastSwiftUpdateCheck = 1100;
				LastUpgradeCheck = 1100;
				ORGANIZATIONNAME = "Calin Radu Calin";
				TargetAttributes = {
					7ADBBCBC233625DE009B02AE = {
						CreatedOnToolsVersion = 11.0;
					};
				};
			};
			buildConfigurationList = 7ADBBCB8233625DD009B02AE /* Build configuration list for PBXProject "ATourOfCollectionView" */;
			compatibilityVersion = "Xcode 9.3";
			developmentRegion = en;
			hasScannedForEncodings = 0;
			knownRegions = (
				en,
				Base,
			);
			mainGroup = 7ADBBCB4233625DD009B02AE;
			productRefGroup = 7ADBBCBE233625DE009B02AE /* Products */;
			projectDirPath = "";
			projectRoot = "";
			targets = (
				7ADBBCBC233625DE009B02AE /* ATourOfCollectionView */,
			);
		};
/* End PBXProject section */

/* Begin PBXResourcesBuildPhase section */
		7ADBBCBB233625DE009B02AE /* Resources */ = {
			isa = PBXResourcesBuildPhase;
			buildActionMask = 2147483647;
			files = (
				7ADBBCCD233625DE009B02AE /* LaunchScreen.storyboard in Resources */,
				7ADBBCCA233625DE009B02AE /* Assets.xcassets in Resources */,
				7ADBBCD9233628F6009B02AE /* PersonCell.xib in Resources */,
				7ADBBCC8233625DE009B02AE /* Main.storyboard in Resources */,
			);
			runOnlyForDeploymentPostprocessing = 0;
		};
/* End PBXResourcesBuildPhase section */

/* Begin PBXSourcesBuildPhase section */
		7ADBBCB9233625DE009B02AE /* Sources */ = {
			isa = PBXSourcesBuildPhase;
			buildActionMask = 2147483647;
			files = (
				7ADBBCC5233625DE009B02AE /* FriendsViewController.swift in Sources */,
				7AED0D8F23365BF500FCAD0C /* ColumnFlowLayout.swift in Sources */,
				7ADBBCC1233625DE009B02AE /* AppDelegate.swift in Sources */,
				7A9FBE7E233659F90013F993 /* FeedViewController.swift in Sources */,
				7AED0D9123365C1000FCAD0C /* Person.swift in Sources */,
				7ADBBCD8233628F6009B02AE /* PersonCell.swift in Sources */,
				7ADBBCC3233625DE009B02AE /* SceneDelegate.swift in Sources */,
				7AED0D9323366BBA00FCAD0C /* MosaicLayout.swift in Sources */,
			);
			runOnlyForDeploymentPostprocessing = 0;
		};
/* End PBXSourcesBuildPhase section */

/* Begin PBXVariantGroup section */
		7ADBBCC6233625DE009B02AE /* Main.storyboard */ = {
			isa = PBXVariantGroup;
			children = (
				7ADBBCC7233625DE009B02AE /* Base */,
			);
			name = Main.storyboard;
			sourceTree = "<group>";
		};
		7ADBBCCB233625DE009B02AE /* LaunchScreen.storyboard */ = {
			isa = PBXVariantGroup;
			children = (
				7ADBBCCC233625DE009B02AE /* Base */,
			);
			name = LaunchScreen.storyboard;
			sourceTree = "<group>";
		};
/* End PBXVariantGroup section */

/* Begin XCBuildConfiguration section */
		7ADBBCCF233625DE009B02AE /* Debug */ = {
			isa = XCBuildConfiguration;
			buildSettings = {
				ALWAYS_SEARCH_USER_PATHS = NO;
				CLANG_ANALYZER_NONNULL = YES;
				CLANG_ANALYZER_NUMBER_OBJECT_CONVERSION = YES_AGGRESSIVE;
				CLANG_CXX_LANGUAGE_STANDARD = "gnu++14";
				CLANG_CXX_LIBRARY = "libc++";
				CLANG_ENABLE_MODULES = YES;
				CLANG_ENABLE_OBJC_ARC = YES;
				CLANG_ENABLE_OBJC_WEAK = YES;
				CLANG_WARN_BLOCK_CAPTURE_AUTORELEASING = YES;
				CLANG_WARN_BOOL_CONVERSION = YES;
				CLANG_WARN_COMMA = YES;
				CLANG_WARN_CONSTANT_CONVERSION = YES;
				CLANG_WARN_DEPRECATED_OBJC_IMPLEMENTATIONS = YES;
				CLANG_WARN_DIRECT_OBJC_ISA_USAGE = YES_ERROR;
				CLANG_WARN_DOCUMENTATION_COMMENTS = YES;
				CLANG_WARN_EMPTY_BODY = YES;
				CLANG_WARN_ENUM_CONVERSION = YES;
				CLANG_WARN_INFINITE_RECURSION = YES;
				CLANG_WARN_INT_CONVERSION = YES;
				CLANG_WARN_NON_LITERAL_NULL_CONVERSION = YES;
				CLANG_WARN_OBJC_IMPLICIT_RETAIN_SELF = YES;
				CLANG_WARN_OBJC_LITERAL_CONVERSION = YES;
				CLANG_WARN_OBJC_ROOT_CLASS = YES_ERROR;
				CLANG_WARN_RANGE_LOOP_ANALYSIS = YES;
				CLANG_WARN_STRICT_PROTOTYPES = YES;
				CLANG_WARN_SUSPICIOUS_MOVE = YES;
				CLANG_WARN_UNGUARDED_AVAILABILITY = YES_AGGRESSIVE;
				CLANG_WARN_UNREACHABLE_CODE = YES;
				CLANG_WARN__DUPLICATE_METHOD_MATCH = YES;
				COPY_PHASE_STRIP = NO;
				DEBUG_INFORMATION_FORMAT = dwarf;
				ENABLE_STRICT_OBJC_MSGSEND = YES;
				ENABLE_TESTABILITY = YES;
				GCC_C_LANGUAGE_STANDARD = gnu11;
				GCC_DYNAMIC_NO_PIC = NO;
				GCC_NO_COMMON_BLOCKS = YES;
				GCC_OPTIMIZATION_LEVEL = 0;
				GCC_PREPROCESSOR_DEFINITIONS = (
					"DEBUG=1",
					"$(inherited)",
				);
				GCC_WARN_64_TO_32_BIT_CONVERSION = YES;
				GCC_WARN_ABOUT_RETURN_TYPE = YES_ERROR;
				GCC_WARN_UNDECLARED_SELECTOR = YES;
				GCC_WARN_UNINITIALIZED_AUTOS = YES_AGGRESSIVE;
				GCC_WARN_UNUSED_FUNCTION = YES;
				GCC_WARN_UNUSED_VARIABLE = YES;
				IPHONEOS_DEPLOYMENT_TARGET = 13.0;
				MTL_ENABLE_DEBUG_INFO = INCLUDE_SOURCE;
				MTL_FAST_MATH = YES;
				ONLY_ACTIVE_ARCH = YES;
				SDKROOT = iphoneos;
				SWIFT_ACTIVE_COMPILATION_CONDITIONS = DEBUG;
				SWIFT_OPTIMIZATION_LEVEL = "-Onone";
			};
			name = Debug;
		};
		7ADBBCD0233625DE009B02AE /* Release */ = {
			isa = XCBuildConfiguration;
			buildSettings = {
				ALWAYS_SEARCH_USER_PATHS = NO;
				CLANG_ANALYZER_NONNULL = YES;
				CLANG_ANALYZER_NUMBER_OBJECT_CONVERSION = YES_AGGRESSIVE;
				CLANG_CXX_LANGUAGE_STANDARD = "gnu++14";
				CLANG_CXX_LIBRARY = "libc++";
				CLANG_ENABLE_MODULES = YES;
				CLANG_ENABLE_OBJC_ARC = YES;
				CLANG_ENABLE_OBJC_WEAK = YES;
				CLANG_WARN_BLOCK_CAPTURE_AUTORELEASING = YES;
				CLANG_WARN_BOOL_CONVERSION = YES;
				CLANG_WARN_COMMA = YES;
				CLANG_WARN_CONSTANT_CONVERSION = YES;
				CLANG_WARN_DEPRECATED_OBJC_IMPLEMENTATIONS = YES;
				CLANG_WARN_DIRECT_OBJC_ISA_USAGE = YES_ERROR;
				CLANG_WARN_DOCUMENTATION_COMMENTS = YES;
				CLANG_WARN_EMPTY_BODY = YES;
				CLANG_WARN_ENUM_CONVERSION = YES;
				CLANG_WARN_INFINITE_RECURSION = YES;
				CLANG_WARN_INT_CONVERSION = YES;
				CLANG_WARN_NON_LITERAL_NULL_CONVERSION = YES;
				CLANG_WARN_OBJC_IMPLICIT_RETAIN_SELF = YES;
				CLANG_WARN_OBJC_LITERAL_CONVERSION = YES;
				CLANG_WARN_OBJC_ROOT_CLASS = YES_ERROR;
				CLANG_WARN_RANGE_LOOP_ANALYSIS = YES;
				CLANG_WARN_STRICT_PROTOTYPES = YES;
				CLANG_WARN_SUSPICIOUS_MOVE = YES;
				CLANG_WARN_UNGUARDED_AVAILABILITY = YES_AGGRESSIVE;
				CLANG_WARN_UNREACHABLE_CODE = YES;
				CLANG_WARN__DUPLICATE_METHOD_MATCH = YES;
				COPY_PHASE_STRIP = NO;
				DEBUG_INFORMATION_FORMAT = "dwarf-with-dsym";
				ENABLE_NS_ASSERTIONS = NO;
				ENABLE_STRICT_OBJC_MSGSEND = YES;
				GCC_C_LANGUAGE_STANDARD = gnu11;
				GCC_NO_COMMON_BLOCKS = YES;
				GCC_WARN_64_TO_32_BIT_CONVERSION = YES;
				GCC_WARN_ABOUT_RETURN_TYPE = YES_ERROR;
				GCC_WARN_UNDECLARED_SELECTOR = YES;
				GCC_WARN_UNINITIALIZED_AUTOS = YES_AGGRESSIVE;
				GCC_WARN_UNUSED_FUNCTION = YES;
				GCC_WARN_UNUSED_VARIABLE = YES;
				IPHONEOS_DEPLOYMENT_TARGET = 13.0;
				MTL_ENABLE_DEBUG_INFO = NO;
				MTL_FAST_MATH = YES;
				SDKROOT = iphoneos;
				SWIFT_COMPILATION_MODE = wholemodule;
				SWIFT_OPTIMIZATION_LEVEL = "-O";
				VALIDATE_PRODUCT = YES;
			};
			name = Release;
		};
		7ADBBCD2233625DE009B02AE /* Debug */ = {
			isa = XCBuildConfiguration;
			buildSettings = {
				ASSETCATALOG_COMPILER_APPICON_NAME = AppIcon;
				CODE_SIGN_STYLE = Automatic;
				INFOPLIST_FILE = ATourOfCollectionView/Info.plist;
				LD_RUNPATH_SEARCH_PATHS = (
					"$(inherited)",
					"@executable_path/Frameworks",
				);
				PRODUCT_BUNDLE_IDENTIFIER = com.crc.ATourOfCollectionView;
				PRODUCT_NAME = "$(TARGET_NAME)";
				SWIFT_VERSION = 5.0;
				TARGETED_DEVICE_FAMILY = "1,2";
			};
			name = Debug;
		};
		7ADBBCD3233625DE009B02AE /* Release */ = {
			isa = XCBuildConfiguration;
			buildSettings = {
				ASSETCATALOG_COMPILER_APPICON_NAME = AppIcon;
				CODE_SIGN_STYLE = Automatic;
				INFOPLIST_FILE = ATourOfCollectionView/Info.plist;
				LD_RUNPATH_SEARCH_PATHS = (
					"$(inherited)",
					"@executable_path/Frameworks",
				);
				PRODUCT_BUNDLE_IDENTIFIER = com.crc.ATourOfCollectionView;
				PRODUCT_NAME = "$(TARGET_NAME)";
				SWIFT_VERSION = 5.0;
				TARGETED_DEVICE_FAMILY = "1,2";
			};
			name = Release;
		};
/* End XCBuildConfiguration section */

/* Begin XCConfigurationList section */
		7ADBBCB8233625DD009B02AE /* Build configuration list for PBXProject "ATourOfCollectionView" */ = {
			isa = XCConfigurationList;
			buildConfigurations = (
				7ADBBCCF233625DE009B02AE /* Debug */,
				7ADBBCD0233625DE009B02AE /* Release */,
			);
			defaultConfigurationIsVisible = 0;
			defaultConfigurationName = Release;
		};
		7ADBBCD1233625DE009B02AE /* Build configuration list for PBXNativeTarget "ATourOfCollectionView" */ = {
			isa = XCConfigurationList;
			buildConfigurations = (
				7ADBBCD2233625DE009B02AE /* Debug */,
				7ADBBCD3233625DE009B02AE /* Release */,
			);
			defaultConfigurationIsVisible = 0;
			defaultConfigurationName = Release;
		};
/* End XCConfigurationList section */
	};
	rootObject = 7ADBBCB5233625DD009B02AE /* Project object */;
}
